
Microsoft Visual Studio Solution File, Format Version 12.00
# Visual Studio Version 16
VisualStudioVersion = 16.0.29911.84
MinimumVisualStudioVersion = 10.0.40219.1
Project("{FAE04EC0-301F-11D3-BF4B-00C04F79EFBC}") = "ConsoleApp4", "ConsoleApp4\ConsoleApp4.csproj", "{4D2667A7-BF23-4074-9041-55A813852393}"
EndProject
Global
	GlobalSection(SolutionConfigurationPlatforms) = preSolution
		Debug|Any CPU = Debug|Any CPU
		Release|Any CPU = Release|Any CPU
	EndGlobalSection
	GlobalSection(ProjectConfigurationPlatforms) = postSolution
		{4D2667A7-BF23-4074-9041-55A813852393}.Debug|Any CPU.ActiveCfg = Debug|Any CPU
		{4D2667A7-BF23-4074-9041-55A813852393}.Debug|Any CPU.Build.0 = Debug|Any CPU
		{4D2667A7-BF23-4074-9041-55A813852393}.Release|Any CPU.ActiveCfg = Release|Any CPU
		{4D2667A7-BF23-4074-9041-55A813852393}.Release|Any CPU.Build.0 = Release|Any CPU
	EndGlobalSection
	GlobalSection(SolutionProperties) = preSolution
		HideSolutionNode = FALSE
	EndGlobalSection
	GlobalSection(ExtensibilityGlobals) = postSolution
		SolutionGuid = {CA1BF8EC-9DE1-4281-855D-D1258F2AE64B}
	EndGlobalSection
EndGlobal
